
Microsoft Visual Studio Solution File, Format Version 12.00
# Visual Studio Version 17
VisualStudioVersion = 17.0.31903.59
MinimumVisualStudioVersion = 10.0.40219.1
Project("{2150E333-8FDC-42A3-9474-1A3956D46DE8}") = "src", "src", "{827E0CD3-B72D-47B6-A68D-7590B98EB39B}"
EndProject
Project("{2150E333-8FDC-42A3-9474-1A3956D46DE8}") = "console", "console", "{B9771273-07CE-CBBE-F99B-17C1826E8D01}"
EndProject
Project("{2150E333-8FDC-42A3-9474-1A3956D46DE8}") = "Apps", "Apps", "{0559F0A9-2E68-C542-049B-785598543F17}"
EndProject
Project("{FAE04EC0-301F-11D3-BF4B-00C04F79EFBC}") = "Booking", "src\console\Apps\Booking\Booking.csproj", "{4F6A0789-A46D-4306-B3BE-492FC7A4ECE3}"
EndProject
Project("{FAE04EC0-301F-11D3-BF4B-00C04F79EFBC}") = "Booking.Tests", "src\console\Apps\Booking.Tests\Booking.Tests.csproj", "{94ED1A2A-C958-424D-91C0-3B6EA08F55CF}"
EndProject
Project("{FAE04EC0-301F-11D3-BF4B-00C04F79EFBC}") = "Parking", "src\console\Apps\Parking\Parking.csproj", "{E9DA9AB3-33B1-4AEB-A5B2-73AD2EA2660B}"
EndProject
Project("{FAE04EC0-301F-11D3-BF4B-00C04F79EFBC}") = "Parking.Tests", "src\console\Apps\Parking.Tests\Parking.Tests.csproj", "{B08FA37B-1EB9-4948-9061-022BCCD111B0}"
EndProject
Project("{FAE04EC0-301F-11D3-BF4B-00C04F79EFBC}") = "SmartPhone", "src\console\Apps\SmartPhone\SmartPhone.csproj", "{A3F386C0-C6C5-43A4-9D56-9D4D7EEC0375}"
EndProject
Project("{FAE04EC0-301F-11D3-BF4B-00C04F79EFBC}") = "SmartPhone.Tests", "src\console\Apps\SmartPhone.Tests\SmartPhone.Tests.csproj", "{E085E96F-44F5-4E33-9CBC-E5A898DAFBA3}"
EndProject
Project("{2150E333-8FDC-42A3-9474-1A3956D46DE8}") = "api", "api", "{46095913-B2C1-45FF-BDDE-9B6E50DFBFB5}"
EndProject
Project("{2150E333-8FDC-42A3-9474-1A3956D46DE8}") = "Apps", "Apps", "{F4271542-64DE-4B24-BA2A-5E61FC5EFC0C}"
	ProjectSection(SolutionItems) = preProject
	EndProjectSection
EndProject
Project("{FAE04EC0-301F-11D3-BF4B-00C04F79EFBC}") = "MinimalApi", "src\api\Apps\MinimalApi\MinimalApi.csproj", "{8B7C6A5D-4F3E-4C2A-9A8E-3D2B1A0C9F8E}"
EndProject
Project("{FAE04EC0-301F-11D3-BF4B-00C04F79EFBC}") = "HelloWorld", "src\api\Apps\HelloWorld\HelloWorld.csproj", "{C9A8B7D6-E5F4-A3B2-C1D0-E9F8A7B6C5D4}"
EndProject
Global
	GlobalSection(SolutionConfigurationPlatforms) = preSolution
		Debug|Any CPU = Debug|Any CPU
		Debug|x64 = Debug|x64
		Debug|x86 = Debug|x86
		Release|Any CPU = Release|Any CPU
		Release|x64 = Release|x64
		Release|x86 = Release|x86
	EndGlobalSection
	GlobalSection(ProjectConfigurationPlatforms) = postSolution
		{4F6A0789-A46D-4306-B3BE-492FC7A4ECE3}.Debug|Any CPU.ActiveCfg = Debug|Any CPU
		{4F6A0789-A46D-4306-B3BE-492FC7A4ECE3}.Debug|Any CPU.Build.0 = Debug|Any CPU
		{4F6A0789-A46D-4306-B3BE-492FC7A4ECE3}.Debug|x64.ActiveCfg = Debug|Any CPU
		{4F6A0789-A46D-4306-B3BE-492FC7A4ECE3}.Debug|x64.Build.0 = Debug|Any CPU
		{4F6A0789-A46D-4306-B3BE-492FC7A4ECE3}.Debug|x86.ActiveCfg = Debug|Any CPU
		{4F6A0789-A46D-4306-B3BE-492FC7A4ECE3}.Debug|x86.Build.0 = Debug|Any CPU
		{4F6A0789-A46D-4306-B3BE-492FC7A4ECE3}.Release|Any CPU.ActiveCfg = Release|Any CPU
		{4F6A0789-A46D-4306-B3BE-492FC7A4ECE3}.Release|Any CPU.Build.0 = Release|Any CPU
		{4F6A0789-A46D-4306-B3BE-492FC7A4ECE3}.Release|x64.ActiveCfg = Release|Any CPU
		{4F6A0789-A46D-4306-B3BE-492FC7A4ECE3}.Release|x64.Build.0 = Release|Any CPU
		{4F6A0789-A46D-4306-B3BE-492FC7A4ECE3}.Release|x86.ActiveCfg = Release|Any CPU
		{4F6A0789-A46D-4306-B3BE-492FC7A4ECE3}.Release|x86.Build.0 = Release|Any CPU
		{E9DA9AB3-33B1-4AEB-A5B2-73AD2EA2660B}.Debug|Any CPU.ActiveCfg = Debug|Any CPU
		{E9DA9AB3-33B1-4AEB-A5B2-73AD2EA2660B}.Debug|Any CPU.Build.0 = Debug|Any CPU
		{E9DA9AB3-33B1-4AEB-A5B2-73AD2EA2660B}.Debug|x64.ActiveCfg = Debug|Any CPU
		{E9DA9AB3-33B1-4AEB-A5B2-73AD2EA2660B}.Debug|x64.Build.0 = Debug|Any CPU
		{E9DA9AB3-33B1-4AEB-A5B2-73AD2EA2660B}.Debug|x86.ActiveCfg = Debug|Any CPU
		{E9DA9AB3-33B1-4AEB-A5B2-73AD2EA2660B}.Debug|x86.Build.0 = Debug|Any CPU
		{E9DA9AB3-33B1-4AEB-A5B2-73AD2EA2660B}.Release|Any CPU.ActiveCfg = Release|Any CPU
		{E9DA9AB3-33B1-4AEB-A5B2-73AD2EA2660B}.Release|Any CPU.Build.0 = Release|Any CPU
		{E9DA9AB3-33B1-4AEB-A5B2-73AD2EA2660B}.Release|x64.ActiveCfg = Release|Any CPU
		{E9DA9AB3-33B1-4AEB-A5B2-73AD2EA2660B}.Release|x64.Build.0 = Release|Any CPU
		{E9DA9AB3-33B1-4AEB-A5B2-73AD2EA2660B}.Release|x86.ActiveCfg = Release|Any CPU
		{E9DA9AB3-33B1-4AEB-A5B2-73AD2EA2660B}.Release|x86.Build.0 = Release|Any CPU
		{B08FA37B-1EB9-4948-9061-022BCCD111B0}.Debug|Any CPU.ActiveCfg = Debug|Any CPU
		{B08FA37B-1EB9-4948-9061-022BCCD111B0}.Debug|Any CPU.Build.0 = Debug|Any CPU
		{B08FA37B-1EB9-4948-9061-022BCCD111B0}.Debug|x64.ActiveCfg = Debug|Any CPU
		{B08FA37B-1EB9-4948-9061-022BCCD111B0}.Debug|x64.Build.0 = Debug|Any CPU
		{B08FA37B-1EB9-4948-9061-022BCCD111B0}.Debug|x86.ActiveCfg = Debug|Any CPU
		{B08FA37B-1EB9-4948-9061-022BCCD111B0}.Debug|x86.Build.0 = Debug|Any CPU
		{B08FA37B-1EB9-4948-9061-022BCCD111B0}.Release|Any CPU.ActiveCfg = Release|Any CPU
		{B08FA37B-1EB9-4948-9061-022BCCD111B0}.Release|Any CPU.Build.0 = Release|Any CPU
		{B08FA37B-1EB9-4948-9061-022BCCD111B0}.Release|x64.ActiveCfg = Release|Any CPU
		{B08FA37B-1EB9-4948-9061-022BCCD111B0}.Release|x64.Build.0 = Release|Any CPU
		{B08FA37B-1EB9-4948-9061-022BCCD111B0}.Release|x86.ActiveCfg = Release|Any CPU
		{B08FA37B-1EB9-4948-9061-022BCCD111B0}.Release|x86.Build.0 = Release|Any CPU
		{94ED1A2A-C958-424D-91C0-3B6EA08F55CF}.Debug|Any CPU.ActiveCfg = Debug|Any CPU
		{94ED1A2A-C958-424D-91C0-3B6EA08F55CF}.Debug|Any CPU.Build.0 = Debug|Any CPU
		{94ED1A2A-C958-424D-91C0-3B6EA08F55CF}.Debug|x64.ActiveCfg = Debug|Any CPU
		{94ED1A2A-C958-424D-91C0-3B6EA08F55CF}.Debug|x64.Build.0 = Debug|Any CPU
		{94ED1A2A-C958-424D-91C0-3B6EA08F55CF}.Debug|x86.ActiveCfg = Debug|Any CPU
		{94ED1A2A-C958-424D-91C0-3B6EA08F55CF}.Debug|x86.Build.0 = Debug|Any CPU
		{94ED1A2A-C958-424D-91C0-3B6EA08F55CF}.Release|Any CPU.ActiveCfg = Release|Any CPU
		{94ED1A2A-C958-424D-91C0-3B6EA08F55CF}.Release|Any CPU.Build.0 = Release|Any CPU
		{94ED1A2A-C958-424D-91C0-3B6EA08F55CF}.Release|x64.ActiveCfg = Release|Any CPU
		{94ED1A2A-C958-424D-91C0-3B6EA08F55CF}.Release|x64.Build.0 = Release|Any CPU
		{94ED1A2A-C958-424D-91C0-3B6EA08F55CF}.Release|x86.ActiveCfg = Release|Any CPU
		{94ED1A2A-C958-424D-91C0-3B6EA08F55CF}.Release|x86.Build.0 = Release|Any CPU
		{A3F386C0-C6C5-43A4-9D56-9D4D7EEC0375}.Debug|Any CPU.ActiveCfg = Debug|Any CPU
		{A3F386C0-C6C5-43A4-9D56-9D4D7EEC0375}.Debug|Any CPU.Build.0 = Debug|Any CPU
		{A3F386C0-C6C5-43A4-9D56-9D4D7EEC0375}.Debug|x64.ActiveCfg = Debug|Any CPU
		{A3F386C0-C6C5-43A4-9D56-9D4D7EEC0375}.Debug|x64.Build.0 = Debug|Any CPU
		{A3F386C0-C6C5-43A4-9D56-9D4D7EEC0375}.Debug|x86.ActiveCfg = Debug|Any CPU
		{A3F386C0-C6C5-43A4-9D56-9D4D7EEC0375}.Debug|x86.Build.0 = Debug|Any CPU
		{A3F386C0-C6C5-43A4-9D56-9D4D7EEC0375}.Release|Any CPU.ActiveCfg = Release|Any CPU
		{A3F386C0-C6C5-43A4-9D56-9D4D7EEC0375}.Release|Any CPU.Build.0 = Release|Any CPU
		{A3F386C0-C6C5-43A4-9D56-9D4D7EEC0375}.Release|x64.ActiveCfg = Release|Any CPU
		{A3F386C0-C6C5-43A4-9D56-9D4D7EEC0375}.Release|x64.Build.0 = Release|Any CPU
		{A3F386C0-C6C5-43A4-9D56-9D4D7EEC0375}.Release|x86.ActiveCfg = Release|Any CPU
		{A3F386C0-C6C5-43A4-9D56-9D4D7EEC0375}.Release|x86.Build.0 = Release|Any CPU
		{E085E96F-44F5-4E33-9CBC-E5A898DAFBA3}.Debug|Any CPU.ActiveCfg = Debug|Any CPU
		{E085E96F-44F5-4E33-9CBC-E5A898DAFBA3}.Debug|Any CPU.Build.0 = Debug|Any CPU
		{E085E96F-44F5-4E33-9CBC-E5A898DAFBA3}.Debug|x64.ActiveCfg = Debug|Any CPU
		{E085E96F-44F5-4E33-9CBC-E5A898DAFBA3}.Debug|x64.Build.0 = Debug|Any CPU
		{E085E96F-44F5-4E33-9CBC-E5A898DAFBA3}.Debug|x86.ActiveCfg = Debug|Any CPU
		{E085E96F-44F5-4E33-9CBC-E5A898DAFBA3}.Debug|x86.Build.0 = Debug|Any CPU
		{E085E96F-44F5-4E33-9CBC-E5A898DAFBA3}.Release|Any CPU.ActiveCfg = Release|Any CPU
		{E085E96F-44F5-4E33-9CBC-E5A898DAFBA3}.Release|Any CPU.Build.0 = Release|Any CPU
		{E085E96F-44F5-4E33-9CBC-E5A898DAFBA3}.Release|x64.ActiveCfg = Release|Any CPU
		{E085E96F-44F5-4E33-9CBC-E5A898DAFBA3}.Release|x64.Build.0 = Release|Any CPU
		{E085E96F-44F5-4E33-9CBC-E5A898DAFBA3}.Release|x86.ActiveCfg = Release|Any CPU
		{E085E96F-44F5-4E33-9CBC-E5A898DAFBA3}.Release|x86.Build.0 = Release|Any CPU
		{8B7C6A5D-4F3E-4C2A-9A8E-3D2B1A0C9F8E}.Debug|Any CPU.ActiveCfg = Debug|Any CPU
		{8B7C6A5D-4F3E-4C2A-9A8E-3D2B1A0C9F8E}.Debug|Any CPU.Build.0 = Debug|Any CPU
		{8B7C6A5D-4F3E-4C2A-9A8E-3D2B1A0C9F8E}.Debug|x64.ActiveCfg = Debug|Any CPU
		{8B7C6A5D-4F3E-4C2A-9A8E-3D2B1A0C9F8E}.Debug|x64.Build.0 = Debug|Any CPU
		{8B7C6A5D-4F3E-4C2A-9A8E-3D2B1A0C9F8E}.Debug|x86.ActiveCfg = Debug|Any CPU
		{8B7C6A5D-4F3E-4C2A-9A8E-3D2B1A0C9F8E}.Debug|x86.Build.0 = Debug|Any CPU
		{8B7C6A5D-4F3E-4C2A-9A8E-3D2B1A0C9F8E}.Release|Any CPU.ActiveCfg = Release|Any CPU
		{8B7C6A5D-4F3E-4C2A-9A8E-3D2B1A0C9F8E}.Release|Any CPU.Build.0 = Release|Any CPU
		{8B7C6A5D-4F3E-4C2A-9A8E-3D2B1A0C9F8E}.Release|x64.ActiveCfg = Release|Any CPU
		{8B7C6A5D-4F3E-4C2A-9A8E-3D2B1A0C9F8E}.Release|x64.Build.0 = Release|Any CPU
		{8B7C6A5D-4F3E-4C2A-9A8E-3D2B1A0C9F8E}.Release|x86.ActiveCfg = Release|Any CPU
		{8B7C6A5D-4F3E-4C2A-9A8E-3D2B1A0C9F8E}.Release|x86.Build.0 = Release|Any CPU
		{C9A8B7D6-E5F4-A3B2-C1D0-E9F8A7B6C5D4}.Debug|Any CPU.ActiveCfg = Debug|Any CPU
		{C9A8B7D6-E5F4-A3B2-C1D0-E9F8A7B6C5D4}.Debug|Any CPU.Build.0 = Debug|Any CPU
		{C9A8B7D6-E5F4-A3B2-C1D0-E9F8A7B6C5D4}.Debug|x64.ActiveCfg = Debug|Any CPU
		{C9A8B7D6-E5F4-A3B2-C1D0-E9F8A7B6C5D4}.Debug|x64.Build.0 = Debug|Any CPU
		{C9A8B7D6-E5F4-A3B2-C1D0-E9F8A7B6C5D4}.Debug|x86.ActiveCfg = Debug|Any CPU
		{C9A8B7D6-E5F4-A3B2-C1D0-E9F8A7B6C5D4}.Debug|x86.Build.0 = Debug|Any CPU
		{C9A8B7D6-E5F4-A3B2-C1D0-E9F8A7B6C5D4}.Release|Any CPU.ActiveCfg = Release|Any CPU
		{C9A8B7D6-E5F4-A3B2-C1D0-E9F8A7B6C5D4}.Release|Any CPU.Build.0 = Release|Any CPU
		{C9A8B7D6-E5F4-A3B2-C1D0-E9F8A7B6C5D4}.Release|x64.ActiveCfg = Release|Any CPU
		{C9A8B7D6-E5F4-A3B2-C1D0-E9F8A7B6C5D4}.Release|x64.Build.0 = Release|Any CPU
		{C9A8B7D6-E5F4-A3B2-C1D0-E9F8A7B6C5D4}.Release|x86.ActiveCfg = Release|Any CPU
		{C9A8B7D6-E5F4-A3B2-C1D0-E9F8A7B6C5D4}.Release|x86.Build.0 = Release|Any CPU
	EndGlobalSection
	GlobalSection(SolutionProperties) = preSolution
		HideSolutionNode = FALSE
	EndGlobalSection
	GlobalSection(NestedProjects) = preSolution
		{F4271542-64DE-4B24-BA2A-5E61FC5EFC0C} = {46095913-B2C1-45FF-BDDE-9B6E50DFBFB5}
		{46095913-B2C1-45FF-BDDE-9B6E50DFBFB5} = {827E0CD3-B72D-47B6-A68D-7590B98EB39B}
		{B9771273-07CE-CBBE-F99B-17C1826E8D01} = {827E0CD3-B72D-47B6-A68D-7590B98EB39B}
		{0559F0A9-2E68-C542-049B-785598543F17} = {B9771273-07CE-CBBE-F99B-17C1826E8D01}
		{4F6A0789-A46D-4306-B3BE-492FC7A4ECE3} = {0559F0A9-2E68-C542-049B-785598543F17}
		{E9DA9AB3-33B1-4AEB-A5B2-73AD2EA2660B} = {0559F0A9-2E68-C542-049B-785598543F17}
		{94ED1A2A-C958-424D-91C0-3B6EA08F55CF} = {0559F0A9-2E68-C542-049B-785598543F17}
		{A3F386C0-C6C5-43A4-9D56-9D4D7EEC0375} = {0559F0A9-2E68-C542-049B-785598543F17}
		{E085E96F-44F5-4E33-9CBC-E5A898DAFBA3} = {0559F0A9-2E68-C542-049B-785598543F17}
		{B08FA37B-1EB9-4948-9061-022BCCD111B0} = {0559F0A9-2E68-C542-049B-785598543F17}
		{8B7C6A5D-4F3E-4C2A-9A8E-3D2B1A0C9F8E} = {F4271542-64DE-4B24-BA2A-5E61FC5EFC0C}
		{C9A8B7D6-E5F4-A3B2-C1D0-E9F8A7B6C5D4} = {F4271542-64DE-4B24-BA2A-5E61FC5EFC0C}
	EndGlobalSection
	GlobalSection(ExtensibilityGlobals) = postSolution
		SolutionGuid = {62B7EC95-F796-4871-B190-972071D085B6}
	EndGlobalSection
EndGlobal
